
Microsoft Visual Studio Solution File, Format Version 12.00
# Visual Studio Version 17
VisualStudioVersion = 17.3.32825.248
MinimumVisualStudioVersion = 10.0.40219.1
Project("{FAE04EC0-301F-11D3-BF4B-00C04F79EFBC}") = "DemoRepositoryPattern", "DemoRepositoryPattern.csproj", "{0BABA873-EF4A-4392-A6E8-D2D02DECCB41}"
EndProject
Global
	GlobalSection(SolutionConfigurationPlatforms) = preSolution
		Debug|Any CPU = Debug|Any CPU
		Release|Any CPU = Release|Any CPU
	EndGlobalSection
	GlobalSection(ProjectConfigurationPlatforms) = postSolution
		{0BABA873-EF4A-4392-A6E8-D2D02DECCB41}.Debug|Any CPU.ActiveCfg = Debug|Any CPU
		{0BABA873-EF4A-4392-A6E8-D2D02DECCB41}.Debug|Any CPU.Build.0 = Debug|Any CPU
		{0BABA873-EF4A-4392-A6E8-D2D02DECCB41}.Release|Any CPU.ActiveCfg = Release|Any CPU
		{0BABA873-EF4A-4392-A6E8-D2D02DECCB41}.Release|Any CPU.Build.0 = Release|Any CPU
	EndGlobalSection
	GlobalSection(SolutionProperties) = preSolution
		HideSolutionNode = FALSE
	EndGlobalSection
	GlobalSection(ExtensibilityGlobals) = postSolution
		SolutionGuid = {8D646FF1-D03E-4033-826F-6118886A59A8}
	EndGlobalSection
EndGlobal
